
Microsoft Visual Studio Solution File, Format Version 12.00
# Visual Studio Version 17
VisualStudioVersion = 17.11.35327.3
MinimumVisualStudioVersion = 10.0.40219.1
Project("{9A19103F-16F7-4668-BE54-9A1E7A4F7556}") = "ImageManagement", "ImageManagement\ImageManagement.csproj", "{760BAED6-D74B-4FF3-813F-2C940420B5EA}"
EndProject
Project("{9A19103F-16F7-4668-BE54-9A1E7A4F7556}") = "BarcodeImageReader", "..\BarcodeImageReader\BarcodeImageReader\BarcodeImageReader.csproj", "{8C1E248F-73CB-4126-B8C2-1DDA2634BD5B}"
EndProject
Project("{9A19103F-16F7-4668-BE54-9A1E7A4F7556}") = "ImageShredded", "..\ImageShredded\ImageShredded\ImageShredded.csproj", "{A178B08C-0924-4B5B-AC0F-9440559B1E68}"
EndProject
Project("{9A19103F-16F7-4668-BE54-9A1E7A4F7556}") = "PdfConverer", "..\PdfConverer\PdfConverer\PdfConverer.csproj", "{966CCD8D-3F9D-442C-8139-2920555921B8}"
EndProject
Project("{FAE04EC0-301F-11D3-BF4B-00C04F79EFBC}") = "DrageeScales", "DrageeScales\DrageeScales.csproj", "{B228FFA4-B8BC-46E6-AD9E-F983FA98C7C0}"
EndProject
Global
	GlobalSection(SolutionConfigurationPlatforms) = preSolution
		Debug|Any CPU = Debug|Any CPU
		Debug|ARM64 = Debug|ARM64
		Debug|x64 = Debug|x64
		Debug|x86 = Debug|x86
		Release|Any CPU = Release|Any CPU
		Release|ARM64 = Release|ARM64
		Release|x64 = Release|x64
		Release|x86 = Release|x86
	EndGlobalSection
	GlobalSection(ProjectConfigurationPlatforms) = postSolution
		{760BAED6-D74B-4FF3-813F-2C940420B5EA}.Debug|Any CPU.ActiveCfg = Debug|Any CPU
		{760BAED6-D74B-4FF3-813F-2C940420B5EA}.Debug|Any CPU.Build.0 = Debug|Any CPU
		{760BAED6-D74B-4FF3-813F-2C940420B5EA}.Debug|ARM64.ActiveCfg = Debug|Any CPU
		{760BAED6-D74B-4FF3-813F-2C940420B5EA}.Debug|ARM64.Build.0 = Debug|Any CPU
		{760BAED6-D74B-4FF3-813F-2C940420B5EA}.Debug|x64.ActiveCfg = Debug|Any CPU
		{760BAED6-D74B-4FF3-813F-2C940420B5EA}.Debug|x64.Build.0 = Debug|Any CPU
		{760BAED6-D74B-4FF3-813F-2C940420B5EA}.Debug|x86.ActiveCfg = Debug|Any CPU
		{760BAED6-D74B-4FF3-813F-2C940420B5EA}.Debug|x86.Build.0 = Debug|Any CPU
		{760BAED6-D74B-4FF3-813F-2C940420B5EA}.Release|Any CPU.ActiveCfg = Release|Any CPU
		{760BAED6-D74B-4FF3-813F-2C940420B5EA}.Release|Any CPU.Build.0 = Release|Any CPU
		{760BAED6-D74B-4FF3-813F-2C940420B5EA}.Release|ARM64.ActiveCfg = Release|Any CPU
		{760BAED6-D74B-4FF3-813F-2C940420B5EA}.Release|ARM64.Build.0 = Release|Any CPU
		{760BAED6-D74B-4FF3-813F-2C940420B5EA}.Release|x64.ActiveCfg = Release|Any CPU
		{760BAED6-D74B-4FF3-813F-2C940420B5EA}.Release|x64.Build.0 = Release|Any CPU
		{760BAED6-D74B-4FF3-813F-2C940420B5EA}.Release|x86.ActiveCfg = Release|Any CPU
		{760BAED6-D74B-4FF3-813F-2C940420B5EA}.Release|x86.Build.0 = Release|Any CPU
		{8C1E248F-73CB-4126-B8C2-1DDA2634BD5B}.Debug|Any CPU.ActiveCfg = Debug|Any CPU
		{8C1E248F-73CB-4126-B8C2-1DDA2634BD5B}.Debug|Any CPU.Build.0 = Debug|Any CPU
		{8C1E248F-73CB-4126-B8C2-1DDA2634BD5B}.Debug|ARM64.ActiveCfg = Debug|Any CPU
		{8C1E248F-73CB-4126-B8C2-1DDA2634BD5B}.Debug|ARM64.Build.0 = Debug|Any CPU
		{8C1E248F-73CB-4126-B8C2-1DDA2634BD5B}.Debug|x64.ActiveCfg = Debug|Any CPU
		{8C1E248F-73CB-4126-B8C2-1DDA2634BD5B}.Debug|x64.Build.0 = Debug|Any CPU
		{8C1E248F-73CB-4126-B8C2-1DDA2634BD5B}.Debug|x86.ActiveCfg = Debug|Any CPU
		{8C1E248F-73CB-4126-B8C2-1DDA2634BD5B}.Debug|x86.Build.0 = Debug|Any CPU
		{8C1E248F-73CB-4126-B8C2-1DDA2634BD5B}.Release|Any CPU.ActiveCfg = Release|Any CPU
		{8C1E248F-73CB-4126-B8C2-1DDA2634BD5B}.Release|Any CPU.Build.0 = Release|Any CPU
		{8C1E248F-73CB-4126-B8C2-1DDA2634BD5B}.Release|ARM64.ActiveCfg = Release|Any CPU
		{8C1E248F-73CB-4126-B8C2-1DDA2634BD5B}.Release|ARM64.Build.0 = Release|Any CPU
		{8C1E248F-73CB-4126-B8C2-1DDA2634BD5B}.Release|x64.ActiveCfg = Release|Any CPU
		{8C1E248F-73CB-4126-B8C2-1DDA2634BD5B}.Release|x64.Build.0 = Release|Any CPU
		{8C1E248F-73CB-4126-B8C2-1DDA2634BD5B}.Release|x86.ActiveCfg = Release|Any CPU
		{8C1E248F-73CB-4126-B8C2-1DDA2634BD5B}.Release|x86.Build.0 = Release|Any CPU
		{A178B08C-0924-4B5B-AC0F-9440559B1E68}.Debug|Any CPU.ActiveCfg = Debug|Any CPU
		{A178B08C-0924-4B5B-AC0F-9440559B1E68}.Debug|Any CPU.Build.0 = Debug|Any CPU
		{A178B08C-0924-4B5B-AC0F-9440559B1E68}.Debug|ARM64.ActiveCfg = Debug|Any CPU
		{A178B08C-0924-4B5B-AC0F-9440559B1E68}.Debug|ARM64.Build.0 = Debug|Any CPU
		{A178B08C-0924-4B5B-AC0F-9440559B1E68}.Debug|x64.ActiveCfg = Debug|Any CPU
		{A178B08C-0924-4B5B-AC0F-9440559B1E68}.Debug|x64.Build.0 = Debug|Any CPU
		{A178B08C-0924-4B5B-AC0F-9440559B1E68}.Debug|x86.ActiveCfg = Debug|Any CPU
		{A178B08C-0924-4B5B-AC0F-9440559B1E68}.Debug|x86.Build.0 = Debug|Any CPU
		{A178B08C-0924-4B5B-AC0F-9440559B1E68}.Release|Any CPU.ActiveCfg = Release|Any CPU
		{A178B08C-0924-4B5B-AC0F-9440559B1E68}.Release|Any CPU.Build.0 = Release|Any CPU
		{A178B08C-0924-4B5B-AC0F-9440559B1E68}.Release|ARM64.ActiveCfg = Release|Any CPU
		{A178B08C-0924-4B5B-AC0F-9440559B1E68}.Release|ARM64.Build.0 = Release|Any CPU
		{A178B08C-0924-4B5B-AC0F-9440559B1E68}.Release|x64.ActiveCfg = Release|Any CPU
		{A178B08C-0924-4B5B-AC0F-9440559B1E68}.Release|x64.Build.0 = Release|Any CPU
		{A178B08C-0924-4B5B-AC0F-9440559B1E68}.Release|x86.ActiveCfg = Release|Any CPU
		{A178B08C-0924-4B5B-AC0F-9440559B1E68}.Release|x86.Build.0 = Release|Any CPU
		{966CCD8D-3F9D-442C-8139-2920555921B8}.Debug|Any CPU.ActiveCfg = Debug|Any CPU
		{966CCD8D-3F9D-442C-8139-2920555921B8}.Debug|Any CPU.Build.0 = Debug|Any CPU
		{966CCD8D-3F9D-442C-8139-2920555921B8}.Debug|ARM64.ActiveCfg = Debug|Any CPU
		{966CCD8D-3F9D-442C-8139-2920555921B8}.Debug|ARM64.Build.0 = Debug|Any CPU
		{966CCD8D-3F9D-442C-8139-2920555921B8}.Debug|x64.ActiveCfg = Debug|Any CPU
		{966CCD8D-3F9D-442C-8139-2920555921B8}.Debug|x64.Build.0 = Debug|Any CPU
		{966CCD8D-3F9D-442C-8139-2920555921B8}.Debug|x86.ActiveCfg = Debug|Any CPU
		{966CCD8D-3F9D-442C-8139-2920555921B8}.Debug|x86.Build.0 = Debug|Any CPU
		{966CCD8D-3F9D-442C-8139-2920555921B8}.Release|Any CPU.ActiveCfg = Release|Any CPU
		{966CCD8D-3F9D-442C-8139-2920555921B8}.Release|Any CPU.Build.0 = Release|Any CPU
		{966CCD8D-3F9D-442C-8139-2920555921B8}.Release|ARM64.ActiveCfg = Release|Any CPU
		{966CCD8D-3F9D-442C-8139-2920555921B8}.Release|ARM64.Build.0 = Release|Any CPU
		{966CCD8D-3F9D-442C-8139-2920555921B8}.Release|x64.ActiveCfg = Release|Any CPU
		{966CCD8D-3F9D-442C-8139-2920555921B8}.Release|x64.Build.0 = Release|Any CPU
		{966CCD8D-3F9D-442C-8139-2920555921B8}.Release|x86.ActiveCfg = Release|Any CPU
		{966CCD8D-3F9D-442C-8139-2920555921B8}.Release|x86.Build.0 = Release|Any CPU
		{B228FFA4-B8BC-46E6-AD9E-F983FA98C7C0}.Debug|Any CPU.ActiveCfg = Debug|x64
		{B228FFA4-B8BC-46E6-AD9E-F983FA98C7C0}.Debug|Any CPU.Build.0 = Debug|x64
		{B228FFA4-B8BC-46E6-AD9E-F983FA98C7C0}.Debug|Any CPU.Deploy.0 = Debug|x64
		{B228FFA4-B8BC-46E6-AD9E-F983FA98C7C0}.Debug|ARM64.ActiveCfg = Debug|ARM64
		{B228FFA4-B8BC-46E6-AD9E-F983FA98C7C0}.Debug|ARM64.Build.0 = Debug|ARM64
		{B228FFA4-B8BC-46E6-AD9E-F983FA98C7C0}.Debug|ARM64.Deploy.0 = Debug|ARM64
		{B228FFA4-B8BC-46E6-AD9E-F983FA98C7C0}.Debug|x64.ActiveCfg = Debug|x64
		{B228FFA4-B8BC-46E6-AD9E-F983FA98C7C0}.Debug|x64.Build.0 = Debug|x64
		{B228FFA4-B8BC-46E6-AD9E-F983FA98C7C0}.Debug|x64.Deploy.0 = Debug|x64
		{B228FFA4-B8BC-46E6-AD9E-F983FA98C7C0}.Debug|x86.ActiveCfg = Debug|x86
		{B228FFA4-B8BC-46E6-AD9E-F983FA98C7C0}.Debug|x86.Build.0 = Debug|x86
		{B228FFA4-B8BC-46E6-AD9E-F983FA98C7C0}.Debug|x86.Deploy.0 = Debug|x86
		{B228FFA4-B8BC-46E6-AD9E-F983FA98C7C0}.Release|Any CPU.ActiveCfg = Release|x64
		{B228FFA4-B8BC-46E6-AD9E-F983FA98C7C0}.Release|Any CPU.Build.0 = Release|x64
		{B228FFA4-B8BC-46E6-AD9E-F983FA98C7C0}.Release|Any CPU.Deploy.0 = Release|x64
		{B228FFA4-B8BC-46E6-AD9E-F983FA98C7C0}.Release|ARM64.ActiveCfg = Release|ARM64
		{B228FFA4-B8BC-46E6-AD9E-F983FA98C7C0}.Release|ARM64.Build.0 = Release|ARM64
		{B228FFA4-B8BC-46E6-AD9E-F983FA98C7C0}.Release|ARM64.Deploy.0 = Release|ARM64
		{B228FFA4-B8BC-46E6-AD9E-F983FA98C7C0}.Release|x64.ActiveCfg = Release|x64
		{B228FFA4-B8BC-46E6-AD9E-F983FA98C7C0}.Release|x64.Build.0 = Release|x64
		{B228FFA4-B8BC-46E6-AD9E-F983FA98C7C0}.Release|x64.Deploy.0 = Release|x64
		{B228FFA4-B8BC-46E6-AD9E-F983FA98C7C0}.Release|x86.ActiveCfg = Release|x86
		{B228FFA4-B8BC-46E6-AD9E-F983FA98C7C0}.Release|x86.Build.0 = Release|x86
		{B228FFA4-B8BC-46E6-AD9E-F983FA98C7C0}.Release|x86.Deploy.0 = Release|x86
	EndGlobalSection
	GlobalSection(SolutionProperties) = preSolution
		HideSolutionNode = FALSE
	EndGlobalSection
	GlobalSection(ExtensibilityGlobals) = postSolution
		SolutionGuid = {DCBF93BF-155A-41D5-89B5-031C02C670F2}
	EndGlobalSection
EndGlobal
