
Microsoft Visual Studio Solution File, Format Version 12.00
# Visual Studio Version 17
VisualStudioVersion = 17.11.35327.3
MinimumVisualStudioVersion = 10.0.40219.1
Project("{9A19103F-16F7-4668-BE54-9A1E7A4F7556}") = "BarcodeImageReader", "..\BarcodeImageReader\BarcodeImageReader\BarcodeImageReader.csproj", "{8C1E248F-73CB-4126-B8C2-1DDA2634BD5B}"
EndProject
Project("{9A19103F-16F7-4668-BE54-9A1E7A4F7556}") = "DrageeScales", "DrageeScales\DrageeScales.csproj", "{45355C6A-095D-4251-8C88-DC4975D3F84F}"
EndProject
Project("{9A19103F-16F7-4668-BE54-9A1E7A4F7556}") = "PdfConverer", "..\..\CsCommonLibrary\WinPdfConverter\PdfConverer\PdfConverer\PdfConverer.csproj", "{6190D144-0823-4EB3-908A-4FE31B8E90B2}"
EndProject
Project("{9A19103F-16F7-4668-BE54-9A1E7A4F7556}") = "ImageShredded", "..\..\CsCommonLibrary\WinImageShredded\ImageShredded\ImageShredded\ImageShredded.csproj", "{979D468C-4795-403E-ADBF-1BAB429BC8FD}"
EndProject
Project("{9A19103F-16F7-4668-BE54-9A1E7A4F7556}") = "WinThumbnailHelper", "..\..\CsCommonLibrary\WinThumbnailHelper\WinThumbnailHelper\WinThumbnailHelper\WinThumbnailHelper.csproj", "{B1A2C8AB-200A-4440-826D-0AEE539BB917}"
EndProject
Project("{9A19103F-16F7-4668-BE54-9A1E7A4F7556}") = "AppUpdater", "..\..\WinAppUpdate\AppUpdater\AppUpdater\AppUpdater.csproj", "{7CF08F98-F533-48E7-8CF3-32F879768D13}"
EndProject
Global
	GlobalSection(SolutionConfigurationPlatforms) = preSolution
		Debug|Any CPU = Debug|Any CPU
		Debug|ARM64 = Debug|ARM64
		Debug|x64 = Debug|x64
		Debug|x86 = Debug|x86
		Release|Any CPU = Release|Any CPU
		Release|ARM64 = Release|ARM64
		Release|x64 = Release|x64
		Release|x86 = Release|x86
	EndGlobalSection
	GlobalSection(ProjectConfigurationPlatforms) = postSolution
		{8C1E248F-73CB-4126-B8C2-1DDA2634BD5B}.Debug|Any CPU.ActiveCfg = Debug|Any CPU
		{8C1E248F-73CB-4126-B8C2-1DDA2634BD5B}.Debug|Any CPU.Build.0 = Debug|Any CPU
		{8C1E248F-73CB-4126-B8C2-1DDA2634BD5B}.Debug|ARM64.ActiveCfg = Debug|Any CPU
		{8C1E248F-73CB-4126-B8C2-1DDA2634BD5B}.Debug|ARM64.Build.0 = Debug|Any CPU
		{8C1E248F-73CB-4126-B8C2-1DDA2634BD5B}.Debug|x64.ActiveCfg = Debug|Any CPU
		{8C1E248F-73CB-4126-B8C2-1DDA2634BD5B}.Debug|x64.Build.0 = Debug|Any CPU
		{8C1E248F-73CB-4126-B8C2-1DDA2634BD5B}.Debug|x86.ActiveCfg = Debug|Any CPU
		{8C1E248F-73CB-4126-B8C2-1DDA2634BD5B}.Debug|x86.Build.0 = Debug|Any CPU
		{8C1E248F-73CB-4126-B8C2-1DDA2634BD5B}.Release|Any CPU.ActiveCfg = Release|Any CPU
		{8C1E248F-73CB-4126-B8C2-1DDA2634BD5B}.Release|Any CPU.Build.0 = Release|Any CPU
		{8C1E248F-73CB-4126-B8C2-1DDA2634BD5B}.Release|ARM64.ActiveCfg = Release|Any CPU
		{8C1E248F-73CB-4126-B8C2-1DDA2634BD5B}.Release|ARM64.Build.0 = Release|Any CPU
		{8C1E248F-73CB-4126-B8C2-1DDA2634BD5B}.Release|x64.ActiveCfg = Release|Any CPU
		{8C1E248F-73CB-4126-B8C2-1DDA2634BD5B}.Release|x64.Build.0 = Release|Any CPU
		{8C1E248F-73CB-4126-B8C2-1DDA2634BD5B}.Release|x86.ActiveCfg = Release|Any CPU
		{8C1E248F-73CB-4126-B8C2-1DDA2634BD5B}.Release|x86.Build.0 = Release|Any CPU
		{45355C6A-095D-4251-8C88-DC4975D3F84F}.Debug|Any CPU.ActiveCfg = Debug|x64
		{45355C6A-095D-4251-8C88-DC4975D3F84F}.Debug|Any CPU.Build.0 = Debug|x64
		{45355C6A-095D-4251-8C88-DC4975D3F84F}.Debug|Any CPU.Deploy.0 = Debug|x64
		{45355C6A-095D-4251-8C88-DC4975D3F84F}.Debug|ARM64.ActiveCfg = Debug|ARM64
		{45355C6A-095D-4251-8C88-DC4975D3F84F}.Debug|ARM64.Build.0 = Debug|ARM64
		{45355C6A-095D-4251-8C88-DC4975D3F84F}.Debug|ARM64.Deploy.0 = Debug|ARM64
		{45355C6A-095D-4251-8C88-DC4975D3F84F}.Debug|x64.ActiveCfg = Debug|x64
		{45355C6A-095D-4251-8C88-DC4975D3F84F}.Debug|x64.Build.0 = Debug|x64
		{45355C6A-095D-4251-8C88-DC4975D3F84F}.Debug|x64.Deploy.0 = Debug|x64
		{45355C6A-095D-4251-8C88-DC4975D3F84F}.Debug|x86.ActiveCfg = Debug|x86
		{45355C6A-095D-4251-8C88-DC4975D3F84F}.Debug|x86.Build.0 = Debug|x86
		{45355C6A-095D-4251-8C88-DC4975D3F84F}.Debug|x86.Deploy.0 = Debug|x86
		{45355C6A-095D-4251-8C88-DC4975D3F84F}.Release|Any CPU.ActiveCfg = Release|x64
		{45355C6A-095D-4251-8C88-DC4975D3F84F}.Release|Any CPU.Build.0 = Release|x64
		{45355C6A-095D-4251-8C88-DC4975D3F84F}.Release|Any CPU.Deploy.0 = Release|x64
		{45355C6A-095D-4251-8C88-DC4975D3F84F}.Release|ARM64.ActiveCfg = Release|ARM64
		{45355C6A-095D-4251-8C88-DC4975D3F84F}.Release|ARM64.Build.0 = Release|ARM64
		{45355C6A-095D-4251-8C88-DC4975D3F84F}.Release|ARM64.Deploy.0 = Release|ARM64
		{45355C6A-095D-4251-8C88-DC4975D3F84F}.Release|x64.ActiveCfg = Release|x64
		{45355C6A-095D-4251-8C88-DC4975D3F84F}.Release|x64.Build.0 = Release|x64
		{45355C6A-095D-4251-8C88-DC4975D3F84F}.Release|x64.Deploy.0 = Release|x64
		{45355C6A-095D-4251-8C88-DC4975D3F84F}.Release|x86.ActiveCfg = Release|x86
		{45355C6A-095D-4251-8C88-DC4975D3F84F}.Release|x86.Build.0 = Release|x86
		{45355C6A-095D-4251-8C88-DC4975D3F84F}.Release|x86.Deploy.0 = Release|x86
		{6190D144-0823-4EB3-908A-4FE31B8E90B2}.Debug|Any CPU.ActiveCfg = Debug|Any CPU
		{6190D144-0823-4EB3-908A-4FE31B8E90B2}.Debug|Any CPU.Build.0 = Debug|Any CPU
		{6190D144-0823-4EB3-908A-4FE31B8E90B2}.Debug|ARM64.ActiveCfg = Debug|Any CPU
		{6190D144-0823-4EB3-908A-4FE31B8E90B2}.Debug|ARM64.Build.0 = Debug|Any CPU
		{6190D144-0823-4EB3-908A-4FE31B8E90B2}.Debug|x64.ActiveCfg = Debug|Any CPU
		{6190D144-0823-4EB3-908A-4FE31B8E90B2}.Debug|x64.Build.0 = Debug|Any CPU
		{6190D144-0823-4EB3-908A-4FE31B8E90B2}.Debug|x86.ActiveCfg = Debug|Any CPU
		{6190D144-0823-4EB3-908A-4FE31B8E90B2}.Debug|x86.Build.0 = Debug|Any CPU
		{6190D144-0823-4EB3-908A-4FE31B8E90B2}.Release|Any CPU.ActiveCfg = Release|Any CPU
		{6190D144-0823-4EB3-908A-4FE31B8E90B2}.Release|Any CPU.Build.0 = Release|Any CPU
		{6190D144-0823-4EB3-908A-4FE31B8E90B2}.Release|ARM64.ActiveCfg = Release|Any CPU
		{6190D144-0823-4EB3-908A-4FE31B8E90B2}.Release|ARM64.Build.0 = Release|Any CPU
		{6190D144-0823-4EB3-908A-4FE31B8E90B2}.Release|x64.ActiveCfg = Release|Any CPU
		{6190D144-0823-4EB3-908A-4FE31B8E90B2}.Release|x64.Build.0 = Release|Any CPU
		{6190D144-0823-4EB3-908A-4FE31B8E90B2}.Release|x86.ActiveCfg = Release|Any CPU
		{6190D144-0823-4EB3-908A-4FE31B8E90B2}.Release|x86.Build.0 = Release|Any CPU
		{979D468C-4795-403E-ADBF-1BAB429BC8FD}.Debug|Any CPU.ActiveCfg = Debug|Any CPU
		{979D468C-4795-403E-ADBF-1BAB429BC8FD}.Debug|Any CPU.Build.0 = Debug|Any CPU
		{979D468C-4795-403E-ADBF-1BAB429BC8FD}.Debug|ARM64.ActiveCfg = Debug|Any CPU
		{979D468C-4795-403E-ADBF-1BAB429BC8FD}.Debug|ARM64.Build.0 = Debug|Any CPU
		{979D468C-4795-403E-ADBF-1BAB429BC8FD}.Debug|x64.ActiveCfg = Debug|Any CPU
		{979D468C-4795-403E-ADBF-1BAB429BC8FD}.Debug|x64.Build.0 = Debug|Any CPU
		{979D468C-4795-403E-ADBF-1BAB429BC8FD}.Debug|x86.ActiveCfg = Debug|Any CPU
		{979D468C-4795-403E-ADBF-1BAB429BC8FD}.Debug|x86.Build.0 = Debug|Any CPU
		{979D468C-4795-403E-ADBF-1BAB429BC8FD}.Release|Any CPU.ActiveCfg = Release|Any CPU
		{979D468C-4795-403E-ADBF-1BAB429BC8FD}.Release|Any CPU.Build.0 = Release|Any CPU
		{979D468C-4795-403E-ADBF-1BAB429BC8FD}.Release|ARM64.ActiveCfg = Release|Any CPU
		{979D468C-4795-403E-ADBF-1BAB429BC8FD}.Release|ARM64.Build.0 = Release|Any CPU
		{979D468C-4795-403E-ADBF-1BAB429BC8FD}.Release|x64.ActiveCfg = Release|Any CPU
		{979D468C-4795-403E-ADBF-1BAB429BC8FD}.Release|x64.Build.0 = Release|Any CPU
		{979D468C-4795-403E-ADBF-1BAB429BC8FD}.Release|x86.ActiveCfg = Release|Any CPU
		{979D468C-4795-403E-ADBF-1BAB429BC8FD}.Release|x86.Build.0 = Release|Any CPU
		{B1A2C8AB-200A-4440-826D-0AEE539BB917}.Debug|Any CPU.ActiveCfg = Debug|Any CPU
		{B1A2C8AB-200A-4440-826D-0AEE539BB917}.Debug|Any CPU.Build.0 = Debug|Any CPU
		{B1A2C8AB-200A-4440-826D-0AEE539BB917}.Debug|ARM64.ActiveCfg = Debug|Any CPU
		{B1A2C8AB-200A-4440-826D-0AEE539BB917}.Debug|ARM64.Build.0 = Debug|Any CPU
		{B1A2C8AB-200A-4440-826D-0AEE539BB917}.Debug|x64.ActiveCfg = Debug|Any CPU
		{B1A2C8AB-200A-4440-826D-0AEE539BB917}.Debug|x64.Build.0 = Debug|Any CPU
		{B1A2C8AB-200A-4440-826D-0AEE539BB917}.Debug|x86.ActiveCfg = Debug|Any CPU
		{B1A2C8AB-200A-4440-826D-0AEE539BB917}.Debug|x86.Build.0 = Debug|Any CPU
		{B1A2C8AB-200A-4440-826D-0AEE539BB917}.Release|Any CPU.ActiveCfg = Release|Any CPU
		{B1A2C8AB-200A-4440-826D-0AEE539BB917}.Release|Any CPU.Build.0 = Release|Any CPU
		{B1A2C8AB-200A-4440-826D-0AEE539BB917}.Release|ARM64.ActiveCfg = Release|Any CPU
		{B1A2C8AB-200A-4440-826D-0AEE539BB917}.Release|ARM64.Build.0 = Release|Any CPU
		{B1A2C8AB-200A-4440-826D-0AEE539BB917}.Release|x64.ActiveCfg = Release|Any CPU
		{B1A2C8AB-200A-4440-826D-0AEE539BB917}.Release|x64.Build.0 = Release|Any CPU
		{B1A2C8AB-200A-4440-826D-0AEE539BB917}.Release|x86.ActiveCfg = Release|Any CPU
		{B1A2C8AB-200A-4440-826D-0AEE539BB917}.Release|x86.Build.0 = Release|Any CPU
		{7CF08F98-F533-48E7-8CF3-32F879768D13}.Debug|Any CPU.ActiveCfg = Debug|Any CPU
		{7CF08F98-F533-48E7-8CF3-32F879768D13}.Debug|Any CPU.Build.0 = Debug|Any CPU
		{7CF08F98-F533-48E7-8CF3-32F879768D13}.Debug|ARM64.ActiveCfg = Debug|Any CPU
		{7CF08F98-F533-48E7-8CF3-32F879768D13}.Debug|ARM64.Build.0 = Debug|Any CPU
		{7CF08F98-F533-48E7-8CF3-32F879768D13}.Debug|x64.ActiveCfg = Debug|Any CPU
		{7CF08F98-F533-48E7-8CF3-32F879768D13}.Debug|x64.Build.0 = Debug|Any CPU
		{7CF08F98-F533-48E7-8CF3-32F879768D13}.Debug|x86.ActiveCfg = Debug|Any CPU
		{7CF08F98-F533-48E7-8CF3-32F879768D13}.Debug|x86.Build.0 = Debug|Any CPU
		{7CF08F98-F533-48E7-8CF3-32F879768D13}.Release|Any CPU.ActiveCfg = Release|Any CPU
		{7CF08F98-F533-48E7-8CF3-32F879768D13}.Release|Any CPU.Build.0 = Release|Any CPU
		{7CF08F98-F533-48E7-8CF3-32F879768D13}.Release|ARM64.ActiveCfg = Release|Any CPU
		{7CF08F98-F533-48E7-8CF3-32F879768D13}.Release|ARM64.Build.0 = Release|Any CPU
		{7CF08F98-F533-48E7-8CF3-32F879768D13}.Release|x64.ActiveCfg = Release|Any CPU
		{7CF08F98-F533-48E7-8CF3-32F879768D13}.Release|x64.Build.0 = Release|Any CPU
		{7CF08F98-F533-48E7-8CF3-32F879768D13}.Release|x86.ActiveCfg = Release|Any CPU
		{7CF08F98-F533-48E7-8CF3-32F879768D13}.Release|x86.Build.0 = Release|Any CPU
	EndGlobalSection
	GlobalSection(SolutionProperties) = preSolution
		HideSolutionNode = FALSE
	EndGlobalSection
	GlobalSection(ExtensibilityGlobals) = postSolution
		SolutionGuid = {DCBF93BF-155A-41D5-89B5-031C02C670F2}
	EndGlobalSection
EndGlobal
